
Microsoft Visual Studio Solution File, Format Version 12.00
# Visual Studio Version 17
VisualStudioVersion = 17.10.35027.167
MinimumVisualStudioVersion = 10.0.40219.1
Project("{FAE04EC0-301F-11D3-BF4B-00C04F79EFBC}") = "TechYatra", "TechYatra\TechYatra.csproj", "{71592624-16F5-469F-B8B1-665F2924CF4F}"
EndProject
Global
	GlobalSection(SolutionConfigurationPlatforms) = preSolution
		Debug|Any CPU = Debug|Any CPU
		Release|Any CPU = Release|Any CPU
	EndGlobalSection
	GlobalSection(ProjectConfigurationPlatforms) = postSolution
		{71592624-16F5-469F-B8B1-665F2924CF4F}.Debug|Any CPU.ActiveCfg = Debug|Any CPU
		{71592624-16F5-469F-B8B1-665F2924CF4F}.Debug|Any CPU.Build.0 = Debug|Any CPU
		{71592624-16F5-469F-B8B1-665F2924CF4F}.Release|Any CPU.ActiveCfg = Release|Any CPU
		{71592624-16F5-469F-B8B1-665F2924CF4F}.Release|Any CPU.Build.0 = Release|Any CPU
	EndGlobalSection
	GlobalSection(SolutionProperties) = preSolution
		HideSolutionNode = FALSE
	EndGlobalSection
	GlobalSection(ExtensibilityGlobals) = postSolution
		SolutionGuid = {D990461A-BF5B-43BA-8548-0FACBE689BCF}
	EndGlobalSection
EndGlobal
